// !$*UTF8*$!
{
	archiveVersion = 1;
	classes = {
	};
	objectVersion = 46;
	objects = {

/* Begin PBXBuildFile section */
		8416D62A1B01CBF3005A8F05 /* AppDelegate.swift in Sources */ = {isa = PBXBuildFile; fileRef = 8416D6291B01CBF3005A8F05 /* AppDelegate.swift */; };
		8416D62E1B01CBF3005A8F05 /* NewsViewController.swift in Sources */ = {isa = PBXBuildFile; fileRef = 8416D62D1B01CBF3005A8F05 /* NewsViewController.swift */; };
		8416D6331B01CBF3005A8F05 /* Images.xcassets in Resources */ = {isa = PBXBuildFile; fileRef = 8416D6321B01CBF3005A8F05 /* Images.xcassets */; };
		8416D6361B01CBF3005A8F05 /* LaunchScreen.xib in Resources */ = {isa = PBXBuildFile; fileRef = 8416D6341B01CBF3005A8F05 /* LaunchScreen.xib */; };
		8416D6421B01CBF3005A8F05 /* RCGAppTests.swift in Sources */ = {isa = PBXBuildFile; fileRef = 8416D6411B01CBF3005A8F05 /* RCGAppTests.swift */; };
		8416D64C1B023C5E005A8F05 /* VacancyViewController.swift in Sources */ = {isa = PBXBuildFile; fileRef = 8416D64B1B023C5E005A8F05 /* VacancyViewController.swift */; };
		8416D64E1B023D5C005A8F05 /* ContactUsViewController.swift in Sources */ = {isa = PBXBuildFile; fileRef = 8416D64D1B023D5C005A8F05 /* ContactUsViewController.swift */; };
		8416D6501B023DA4005A8F05 /* VacancyRespondFormViewController.swift in Sources */ = {isa = PBXBuildFile; fileRef = 8416D64F1B023DA4005A8F05 /* VacancyRespondFormViewController.swift */; };
		8449A2B31B1DFAA9003D0E65 /* roboto-regular.ttf in Resources */ = {isa = PBXBuildFile; fileRef = 8449A2B21B1DFAA9003D0E65 /* roboto-regular.ttf */; };
		8449A2B41B1E01B6003D0E65 /* Info.plist in Resources */ = {isa = PBXBuildFile; fileRef = 8416D6281B01CBF3005A8F05 /* Info.plist */; };
		8449A2B61B1E0DF4003D0E65 /* roboto-light.ttf in Resources */ = {isa = PBXBuildFile; fileRef = 8449A2B51B1E0DF4003D0E65 /* roboto-light.ttf */; };
		844E135F1B511BA1001318C3 /* VacancyCellViewController.swift in Sources */ = {isa = PBXBuildFile; fileRef = 844E135E1B511BA1001318C3 /* VacancyCellViewController.swift */; };
		846B85FD1B2DFA3700A8C7B9 /* VacancyFeedTableViewController.swift in Sources */ = {isa = PBXBuildFile; fileRef = 846B85FC1B2DFA3700A8C7B9 /* VacancyFeedTableViewController.swift */; };
		8483ADE61B1CC51E00EB7544 /* NewsFeedTableViewController.swift in Sources */ = {isa = PBXBuildFile; fileRef = 8483ADE51B1CC51E00EB7544 /* NewsFeedTableViewController.swift */; };
		8484B1151B58D12100649609 /* RCGButton.swift in Sources */ = {isa = PBXBuildFile; fileRef = 8484B1141B58D12100649609 /* RCGButton.swift */; };
		8484B1181B5966C600649609 /* Main.storyboard in Resources */ = {isa = PBXBuildFile; fileRef = 8484B1161B5966C600649609 /* Main.storyboard */; };
		84A59E6E1B443FC7004DD721 /* UIImageExtensions.swift in Sources */ = {isa = PBXBuildFile; fileRef = 84A59E6D1B443FC7004DD721 /* UIImageExtensions.swift */; };
		84C558BF1B3449D5009A14FC /* NewsAndVacancies.swift in Sources */ = {isa = PBXBuildFile; fileRef = 84C558BE1B3449D5009A14FC /* NewsAndVacancies.swift */; };
		84C558C31B35E47C009A14FC /* NewsCellViewController.swift in Sources */ = {isa = PBXBuildFile; fileRef = 84C558C21B35E47C009A14FC /* NewsCellViewController.swift */; };
		84D4AF291B4C7B7E003889D9 /* SwiftyJSON.swift in Sources */ = {isa = PBXBuildFile; fileRef = 84D4AF281B4C7B7E003889D9 /* SwiftyJSON.swift */; };
/* End PBXBuildFile section */

/* Begin PBXContainerItemProxy section */
		8416D63C1B01CBF3005A8F05 /* PBXContainerItemProxy */ = {
			isa = PBXContainerItemProxy;
			containerPortal = 8416D61C1B01CBF3005A8F05 /* Project object */;
			proxyType = 1;
			remoteGlobalIDString = 8416D6231B01CBF3005A8F05;
			remoteInfo = RCGApp;
		};
/* End PBXContainerItemProxy section */

/* Begin PBXFileReference section */
		8416D6241B01CBF3005A8F05 /* RCGApp.app */ = {isa = PBXFileReference; explicitFileType = wrapper.application; includeInIndex = 0; path = RCGApp.app; sourceTree = BUILT_PRODUCTS_DIR; };
		8416D6281B01CBF3005A8F05 /* Info.plist */ = {isa = PBXFileReference; lastKnownFileType = text.plist.xml; path = Info.plist; sourceTree = "<group>"; };
		8416D6291B01CBF3005A8F05 /* AppDelegate.swift */ = {isa = PBXFileReference; lastKnownFileType = sourcecode.swift; path = AppDelegate.swift; sourceTree = "<group>"; };
		8416D62D1B01CBF3005A8F05 /* NewsViewController.swift */ = {isa = PBXFileReference; lastKnownFileType = sourcecode.swift; path = NewsViewController.swift; sourceTree = "<group>"; };
		8416D6321B01CBF3005A8F05 /* Images.xcassets */ = {isa = PBXFileReference; lastKnownFileType = folder.assetcatalog; path = Images.xcassets; sourceTree = "<group>"; };
		8416D6351B01CBF3005A8F05 /* Base */ = {isa = PBXFileReference; lastKnownFileType = file.xib; name = Base; path = Base.lproj/LaunchScreen.xib; sourceTree = "<group>"; };
		8416D63B1B01CBF3005A8F05 /* RCGAppTests.xctest */ = {isa = PBXFileReference; explicitFileType = wrapper.cfbundle; includeInIndex = 0; path = RCGAppTests.xctest; sourceTree = BUILT_PRODUCTS_DIR; };
		8416D6401B01CBF3005A8F05 /* Info.plist */ = {isa = PBXFileReference; lastKnownFileType = text.plist.xml; path = Info.plist; sourceTree = "<group>"; };
		8416D6411B01CBF3005A8F05 /* RCGAppTests.swift */ = {isa = PBXFileReference; lastKnownFileType = sourcecode.swift; path = RCGAppTests.swift; sourceTree = "<group>"; };
		8416D64B1B023C5E005A8F05 /* VacancyViewController.swift */ = {isa = PBXFileReference; fileEncoding = 4; lastKnownFileType = sourcecode.swift; path = VacancyViewController.swift; sourceTree = "<group>"; };
		8416D64D1B023D5C005A8F05 /* ContactUsViewController.swift */ = {isa = PBXFileReference; fileEncoding = 4; lastKnownFileType = sourcecode.swift; path = ContactUsViewController.swift; sourceTree = "<group>"; };
		8416D64F1B023DA4005A8F05 /* VacancyRespondFormViewController.swift */ = {isa = PBXFileReference; fileEncoding = 4; lastKnownFileType = sourcecode.swift; path = VacancyRespondFormViewController.swift; sourceTree = "<group>"; };
		8449A2B21B1DFAA9003D0E65 /* roboto-regular.ttf */ = {isa = PBXFileReference; lastKnownFileType = file; name = "roboto-regular.ttf"; path = "../../../roboto-regular.ttf"; sourceTree = "<group>"; };
		8449A2B51B1E0DF4003D0E65 /* roboto-light.ttf */ = {isa = PBXFileReference; lastKnownFileType = file; path = "roboto-light.ttf"; sourceTree = "<group>"; };
		844E135E1B511BA1001318C3 /* VacancyCellViewController.swift */ = {isa = PBXFileReference; fileEncoding = 4; lastKnownFileType = sourcecode.swift; path = VacancyCellViewController.swift; sourceTree = "<group>"; };
		846B85FC1B2DFA3700A8C7B9 /* VacancyFeedTableViewController.swift */ = {isa = PBXFileReference; fileEncoding = 4; lastKnownFileType = sourcecode.swift; path = VacancyFeedTableViewController.swift; sourceTree = "<group>"; };
		8483ADE51B1CC51E00EB7544 /* NewsFeedTableViewController.swift */ = {isa = PBXFileReference; fileEncoding = 4; lastKnownFileType = sourcecode.swift; path = NewsFeedTableViewController.swift; sourceTree = "<group>"; };
		8484B1141B58D12100649609 /* RCGButton.swift */ = {isa = PBXFileReference; fileEncoding = 4; lastKnownFileType = sourcecode.swift; path = RCGButton.swift; sourceTree = "<group>"; };
		8484B1171B5966C600649609 /* Base */ = {isa = PBXFileReference; lastKnownFileType = file.storyboard; name = Base; path = Base.lproj/Main.storyboard; sourceTree = "<group>"; };
		849F4B801B550DF000145648 /* RobotoBold.ttf */ = {isa = PBXFileReference; lastKnownFileType = file; path = RobotoBold.ttf; sourceTree = "<group>"; };
		849F4B811B550DF000145648 /* RobotoMedium.ttf */ = {isa = PBXFileReference; lastKnownFileType = file; path = RobotoMedium.ttf; sourceTree = "<group>"; };
		84A59E6D1B443FC7004DD721 /* UIImageExtensions.swift */ = {isa = PBXFileReference; fileEncoding = 4; lastKnownFileType = sourcecode.swift; name = UIImageExtensions.swift; path = ../UIImageExtensions.swift; sourceTree = "<group>"; };
		84C558BE1B3449D5009A14FC /* NewsAndVacancies.swift */ = {isa = PBXFileReference; fileEncoding = 4; lastKnownFileType = sourcecode.swift; path = NewsAndVacancies.swift; sourceTree = "<group>"; };
		84C558C21B35E47C009A14FC /* NewsCellViewController.swift */ = {isa = PBXFileReference; fileEncoding = 4; lastKnownFileType = sourcecode.swift; path = NewsCellViewController.swift; sourceTree = "<group>"; };
		84D4AF281B4C7B7E003889D9 /* SwiftyJSON.swift */ = {isa = PBXFileReference; fileEncoding = 4; lastKnownFileType = sourcecode.swift; path = SwiftyJSON.swift; sourceTree = "<group>"; };
		84D4AF2A1B4C7B9B003889D9 /* SwiftyJSON.h */ = {isa = PBXFileReference; lastKnownFileType = sourcecode.c.h; path = SwiftyJSON.h; sourceTree = "<group>"; };
/* End PBXFileReference section */

/* Begin PBXFrameworksBuildPhase section */
		8416D6211B01CBF3005A8F05 /* Frameworks */ = {
			isa = PBXFrameworksBuildPhase;
			buildActionMask = 2147483647;
			files = (
			);
			runOnlyForDeploymentPostprocessing = 0;
		};
		8416D6381B01CBF3005A8F05 /* Frameworks */ = {
			isa = PBXFrameworksBuildPhase;
			buildActionMask = 2147483647;
			files = (
			);
			runOnlyForDeploymentPostprocessing = 0;
		};
/* End PBXFrameworksBuildPhase section */

/* Begin PBXGroup section */
		8416D61B1B01CBF3005A8F05 = {
			isa = PBXGroup;
			children = (
				8484B1141B58D12100649609 /* RCGButton.swift */,
				8416D6261B01CBF3005A8F05 /* RCGApp */,
				8416D63E1B01CBF3005A8F05 /* RCGAppTests */,
				8416D6251B01CBF3005A8F05 /* Products */,
			);
			sourceTree = "<group>";
		};
		8416D6251B01CBF3005A8F05 /* Products */ = {
			isa = PBXGroup;
			children = (
				8416D6241B01CBF3005A8F05 /* RCGApp.app */,
				8416D63B1B01CBF3005A8F05 /* RCGAppTests.xctest */,
			);
			name = Products;
			sourceTree = "<group>";
		};
		8416D6261B01CBF3005A8F05 /* RCGApp */ = {
			isa = PBXGroup;
			children = (
				84D4AF0F1B4C745A003889D9 /* JSON */,
				84A59E6D1B443FC7004DD721 /* UIImageExtensions.swift */,
				8449A2B11B1DFA8F003D0E65 /* Resources */,
				8416D6291B01CBF3005A8F05 /* AppDelegate.swift */,
				8483ADE51B1CC51E00EB7544 /* NewsFeedTableViewController.swift */,
				84C558C21B35E47C009A14FC /* NewsCellViewController.swift */,
				8416D62D1B01CBF3005A8F05 /* NewsViewController.swift */,
				84C558BE1B3449D5009A14FC /* NewsAndVacancies.swift */,
				846B85FC1B2DFA3700A8C7B9 /* VacancyFeedTableViewController.swift */,
				844E135E1B511BA1001318C3 /* VacancyCellViewController.swift */,
				8416D64B1B023C5E005A8F05 /* VacancyViewController.swift */,
				8416D64F1B023DA4005A8F05 /* VacancyRespondFormViewController.swift */,
				8416D64D1B023D5C005A8F05 /* ContactUsViewController.swift */,
				8484B1161B5966C600649609 /* Main.storyboard */,
				8416D6321B01CBF3005A8F05 /* Images.xcassets */,
				8416D6341B01CBF3005A8F05 /* LaunchScreen.xib */,
				8416D6271B01CBF3005A8F05 /* Supporting Files */,
			);
			path = RCGApp;
			sourceTree = "<group>";
		};
		8416D6271B01CBF3005A8F05 /* Supporting Files */ = {
			isa = PBXGroup;
			children = (
				8416D6281B01CBF3005A8F05 /* Info.plist */,
			);
			name = "Supporting Files";
			sourceTree = "<group>";
		};
		8416D63E1B01CBF3005A8F05 /* RCGAppTests */ = {
			isa = PBXGroup;
			children = (
				8416D6411B01CBF3005A8F05 /* RCGAppTests.swift */,
				8416D63F1B01CBF3005A8F05 /* Supporting Files */,
			);
			path = RCGAppTests;
			sourceTree = "<group>";
		};
		8416D63F1B01CBF3005A8F05 /* Supporting Files */ = {
			isa = PBXGroup;
			children = (
				8416D6401B01CBF3005A8F05 /* Info.plist */,
			);
			name = "Supporting Files";
			sourceTree = "<group>";
		};
		8449A2B11B1DFA8F003D0E65 /* Resources */ = {
			isa = PBXGroup;
			children = (
				8449A2B51B1E0DF4003D0E65 /* roboto-light.ttf */,
				849F4B801B550DF000145648 /* RobotoBold.ttf */,
				849F4B811B550DF000145648 /* RobotoMedium.ttf */,
				8449A2B21B1DFAA9003D0E65 /* roboto-regular.ttf */,
			);
			name = Resources;
			sourceTree = "<group>";
		};
		84D4AF0F1B4C745A003889D9 /* JSON */ = {
			isa = PBXGroup;
			children = (
				84D4AF281B4C7B7E003889D9 /* SwiftyJSON.swift */,
				84D4AF2A1B4C7B9B003889D9 /* SwiftyJSON.h */,
			);
			name = JSON;
			sourceTree = "<group>";
		};
/* End PBXGroup section */

/* Begin PBXNativeTarget section */
		8416D6231B01CBF3005A8F05 /* RCGApp */ = {
			isa = PBXNativeTarget;
			buildConfigurationList = 8416D6451B01CBF3005A8F05 /* Build configuration list for PBXNativeTarget "RCGApp" */;
			buildPhases = (
				8416D6201B01CBF3005A8F05 /* Sources */,
				8416D6211B01CBF3005A8F05 /* Frameworks */,
				8416D6221B01CBF3005A8F05 /* Resources */,
			);
			buildRules = (
			);
			dependencies = (
			);
			name = RCGApp;
			productName = RCGApp;
			productReference = 8416D6241B01CBF3005A8F05 /* RCGApp.app */;
			productType = "com.apple.product-type.application";
		};
		8416D63A1B01CBF3005A8F05 /* RCGAppTests */ = {
			isa = PBXNativeTarget;
			buildConfigurationList = 8416D6481B01CBF3005A8F05 /* Build configuration list for PBXNativeTarget "RCGAppTests" */;
			buildPhases = (
				8416D6371B01CBF3005A8F05 /* Sources */,
				8416D6381B01CBF3005A8F05 /* Frameworks */,
				8416D6391B01CBF3005A8F05 /* Resources */,
			);
			buildRules = (
			);
			dependencies = (
				8416D63D1B01CBF3005A8F05 /* PBXTargetDependency */,
			);
			name = RCGAppTests;
			productName = RCGAppTests;
			productReference = 8416D63B1B01CBF3005A8F05 /* RCGAppTests.xctest */;
			productType = "com.apple.product-type.bundle.unit-test";
		};
/* End PBXNativeTarget section */

/* Begin PBXProject section */
		8416D61C1B01CBF3005A8F05 /* Project object */ = {
			isa = PBXProject;
			attributes = {
				LastUpgradeCheck = 0620;
				ORGANIZATIONNAME = LightBlueFox;
				TargetAttributes = {
					8416D6231B01CBF3005A8F05 = {
						CreatedOnToolsVersion = 6.2;
					};
					8416D63A1B01CBF3005A8F05 = {
						CreatedOnToolsVersion = 6.2;
						TestTargetID = 8416D6231B01CBF3005A8F05;
					};
				};
			};
			buildConfigurationList = 8416D61F1B01CBF3005A8F05 /* Build configuration list for PBXProject "RCGApp" */;
			compatibilityVersion = "Xcode 3.2";
			developmentRegion = English;
			hasScannedForEncodings = 0;
			knownRegions = (
				en,
				Base,
			);
			mainGroup = 8416D61B1B01CBF3005A8F05;
			productRefGroup = 8416D6251B01CBF3005A8F05 /* Products */;
			projectDirPath = "";
			projectRoot = "";
			targets = (
				8416D6231B01CBF3005A8F05 /* RCGApp */,
				8416D63A1B01CBF3005A8F05 /* RCGAppTests */,
			);
		};
/* End PBXProject section */

/* Begin PBXResourcesBuildPhase section */
		8416D6221B01CBF3005A8F05 /* Resources */ = {
			isa = PBXResourcesBuildPhase;
			buildActionMask = 2147483647;
			files = (
				8416D6361B01CBF3005A8F05 /* LaunchScreen.xib in Resources */,
				8449A2B61B1E0DF4003D0E65 /* roboto-light.ttf in Resources */,
				8449A2B31B1DFAA9003D0E65 /* roboto-regular.ttf in Resources */,
				8484B1181B5966C600649609 /* Main.storyboard in Resources */,
				8449A2B41B1E01B6003D0E65 /* Info.plist in Resources */,
				8416D6331B01CBF3005A8F05 /* Images.xcassets in Resources */,
			);
			runOnlyForDeploymentPostprocessing = 0;
		};
		8416D6391B01CBF3005A8F05 /* Resources */ = {
			isa = PBXResourcesBuildPhase;
			buildActionMask = 2147483647;
			files = (
			);
			runOnlyForDeploymentPostprocessing = 0;
		};
/* End PBXResourcesBuildPhase section */

/* Begin PBXSourcesBuildPhase section */
		8416D6201B01CBF3005A8F05 /* Sources */ = {
			isa = PBXSourcesBuildPhase;
			buildActionMask = 2147483647;
			files = (
				8416D62E1B01CBF3005A8F05 /* NewsViewController.swift in Sources */,
				8416D62A1B01CBF3005A8F05 /* AppDelegate.swift in Sources */,
				8484B1151B58D12100649609 /* RCGButton.swift in Sources */,
				844E135F1B511BA1001318C3 /* VacancyCellViewController.swift in Sources */,
				8416D6501B023DA4005A8F05 /* VacancyRespondFormViewController.swift in Sources */,
				84D4AF291B4C7B7E003889D9 /* SwiftyJSON.swift in Sources */,
				8416D64E1B023D5C005A8F05 /* ContactUsViewController.swift in Sources */,
				846B85FD1B2DFA3700A8C7B9 /* VacancyFeedTableViewController.swift in Sources */,
				84C558C31B35E47C009A14FC /* NewsCellViewController.swift in Sources */,
				8483ADE61B1CC51E00EB7544 /* NewsFeedTableViewController.swift in Sources */,
				84A59E6E1B443FC7004DD721 /* UIImageExtensions.swift in Sources */,
				84C558BF1B3449D5009A14FC /* NewsAndVacancies.swift in Sources */,
				8416D64C1B023C5E005A8F05 /* VacancyViewController.swift in Sources */,
			);
			runOnlyForDeploymentPostprocessing = 0;
		};
		8416D6371B01CBF3005A8F05 /* Sources */ = {
			isa = PBXSourcesBuildPhase;
			buildActionMask = 2147483647;
			files = (
				8416D6421B01CBF3005A8F05 /* RCGAppTests.swift in Sources */,
			);
			runOnlyForDeploymentPostprocessing = 0;
		};
/* End PBXSourcesBuildPhase section */

/* Begin PBXTargetDependency section */
		8416D63D1B01CBF3005A8F05 /* PBXTargetDependency */ = {
			isa = PBXTargetDependency;
			target = 8416D6231B01CBF3005A8F05 /* RCGApp */;
			targetProxy = 8416D63C1B01CBF3005A8F05 /* PBXContainerItemProxy */;
		};
/* End PBXTargetDependency section */

/* Begin PBXVariantGroup section */
		8416D6341B01CBF3005A8F05 /* LaunchScreen.xib */ = {
			isa = PBXVariantGroup;
			children = (
				8416D6351B01CBF3005A8F05 /* Base */,
			);
			name = LaunchScreen.xib;
			sourceTree = "<group>";
		};
		8484B1161B5966C600649609 /* Main.storyboard */ = {
			isa = PBXVariantGroup;
			children = (
				8484B1171B5966C600649609 /* Base */,
			);
			name = Main.storyboard;
			sourceTree = "<group>";
		};
/* End PBXVariantGroup section */

/* Begin XCBuildConfiguration section */
		8416D6431B01CBF3005A8F05 /* Debug */ = {
			isa = XCBuildConfiguration;
			buildSettings = {
				ALWAYS_SEARCH_USER_PATHS = NO;
				CLANG_CXX_LANGUAGE_STANDARD = "gnu++0x";
				CLANG_CXX_LIBRARY = "libc++";
				CLANG_ENABLE_MODULES = YES;
				CLANG_ENABLE_OBJC_ARC = YES;
				CLANG_WARN_BOOL_CONVERSION = YES;
				CLANG_WARN_CONSTANT_CONVERSION = YES;
				CLANG_WARN_DIRECT_OBJC_ISA_USAGE = YES_ERROR;
				CLANG_WARN_EMPTY_BODY = YES;
				CLANG_WARN_ENUM_CONVERSION = YES;
				CLANG_WARN_INT_CONVERSION = YES;
				CLANG_WARN_OBJC_ROOT_CLASS = YES_ERROR;
				CLANG_WARN_UNREACHABLE_CODE = YES;
				CLANG_WARN__DUPLICATE_METHOD_MATCH = YES;
				"CODE_SIGN_IDENTITY[sdk=iphoneos*]" = "iPhone Developer";
				COPY_PHASE_STRIP = NO;
				ENABLE_STRICT_OBJC_MSGSEND = YES;
				GCC_C_LANGUAGE_STANDARD = gnu99;
				GCC_DYNAMIC_NO_PIC = NO;
				GCC_OPTIMIZATION_LEVEL = 0;
				GCC_PREPROCESSOR_DEFINITIONS = (
					"DEBUG=1",
					"$(inherited)",
				);
				GCC_SYMBOLS_PRIVATE_EXTERN = NO;
				GCC_WARN_64_TO_32_BIT_CONVERSION = YES;
				GCC_WARN_ABOUT_RETURN_TYPE = YES_ERROR;
				GCC_WARN_UNDECLARED_SELECTOR = YES;
				GCC_WARN_UNINITIALIZED_AUTOS = YES_AGGRESSIVE;
				GCC_WARN_UNUSED_FUNCTION = YES;
				GCC_WARN_UNUSED_VARIABLE = YES;
				IPHONEOS_DEPLOYMENT_TARGET = 8.2;
				MTL_ENABLE_DEBUG_INFO = YES;
				ONLY_ACTIVE_ARCH = YES;
				SDKROOT = iphoneos;
				SWIFT_OPTIMIZATION_LEVEL = "-Onone";
			};
			name = Debug;
		};
		8416D6441B01CBF3005A8F05 /* Release */ = {
			isa = XCBuildConfiguration;
			buildSettings = {
				ALWAYS_SEARCH_USER_PATHS = NO;
				CLANG_CXX_LANGUAGE_STANDARD = "gnu++0x";
				CLANG_CXX_LIBRARY = "libc++";
				CLANG_ENABLE_MODULES = YES;
				CLANG_ENABLE_OBJC_ARC = YES;
				CLANG_WARN_BOOL_CONVERSION = YES;
				CLANG_WARN_CONSTANT_CONVERSION = YES;
				CLANG_WARN_DIRECT_OBJC_ISA_USAGE = YES_ERROR;
				CLANG_WARN_EMPTY_BODY = YES;
				CLANG_WARN_ENUM_CONVERSION = YES;
				CLANG_WARN_INT_CONVERSION = YES;
				CLANG_WARN_OBJC_ROOT_CLASS = YES_ERROR;
				CLANG_WARN_UNREACHABLE_CODE = YES;
				CLANG_WARN__DUPLICATE_METHOD_MATCH = YES;
				"CODE_SIGN_IDENTITY[sdk=iphoneos*]" = "iPhone Developer";
				COPY_PHASE_STRIP = NO;
				ENABLE_NS_ASSERTIONS = NO;
				ENABLE_STRICT_OBJC_MSGSEND = YES;
				GCC_C_LANGUAGE_STANDARD = gnu99;
				GCC_WARN_64_TO_32_BIT_CONVERSION = YES;
				GCC_WARN_ABOUT_RETURN_TYPE = YES_ERROR;
				GCC_WARN_UNDECLARED_SELECTOR = YES;
				GCC_WARN_UNINITIALIZED_AUTOS = YES_AGGRESSIVE;
				GCC_WARN_UNUSED_FUNCTION = YES;
				GCC_WARN_UNUSED_VARIABLE = YES;
				IPHONEOS_DEPLOYMENT_TARGET = 8.2;
				MTL_ENABLE_DEBUG_INFO = NO;
				SDKROOT = iphoneos;
				VALIDATE_PRODUCT = YES;
			};
			name = Release;
		};
		8416D6461B01CBF3005A8F05 /* Debug */ = {
			isa = XCBuildConfiguration;
			buildSettings = {
				ASSETCATALOG_COMPILER_APPICON_NAME = AppIcon;
				ASSETCATALOG_COMPILER_LAUNCHIMAGE_NAME = LaunchImage;
				INFOPLIST_FILE = RCGApp/Info.plist;
				IPHONEOS_DEPLOYMENT_TARGET = 7.0;
				LD_RUNPATH_SEARCH_PATHS = "$(inherited) @executable_path/Frameworks";
				PRODUCT_NAME = "$(TARGET_NAME)";
			};
			name = Debug;
		};
		8416D6471B01CBF3005A8F05 /* Release */ = {
			isa = XCBuildConfiguration;
			buildSettings = {
				ASSETCATALOG_COMPILER_APPICON_NAME = AppIcon;
				ASSETCATALOG_COMPILER_LAUNCHIMAGE_NAME = LaunchImage;
				INFOPLIST_FILE = RCGApp/Info.plist;
				IPHONEOS_DEPLOYMENT_TARGET = 7.0;
				LD_RUNPATH_SEARCH_PATHS = "$(inherited) @executable_path/Frameworks";
				PRODUCT_NAME = "$(TARGET_NAME)";
			};
			name = Release;
		};
		8416D6491B01CBF3005A8F05 /* Debug */ = {
			isa = XCBuildConfiguration;
			buildSettings = {
				BUNDLE_LOADER = "$(TEST_HOST)";
				FRAMEWORK_SEARCH_PATHS = (
					"$(SDKROOT)/Developer/Library/Frameworks",
					"$(inherited)",
				);
				GCC_PREPROCESSOR_DEFINITIONS = (
					"DEBUG=1",
					"$(inherited)",
				);
				INFOPLIST_FILE = RCGAppTests/Info.plist;
				LD_RUNPATH_SEARCH_PATHS = "$(inherited) @executable_path/Frameworks @loader_path/Frameworks";
				PRODUCT_NAME = "$(TARGET_NAME)";
				TEST_HOST = "$(BUILT_PRODUCTS_DIR)/RCGApp.app/RCGApp";
			};
			name = Debug;
		};
		8416D64A1B01CBF3005A8F05 /* Release */ = {
			isa = XCBuildConfiguration;
			buildSettings = {
				BUNDLE_LOADER = "$(TEST_HOST)";
				FRAMEWORK_SEARCH_PATHS = (
					"$(SDKROOT)/Developer/Library/Frameworks",
					"$(inherited)",
				);
				INFOPLIST_FILE = RCGAppTests/Info.plist;
				LD_RUNPATH_SEARCH_PATHS = "$(inherited) @executable_path/Frameworks @loader_path/Frameworks";
				PRODUCT_NAME = "$(TARGET_NAME)";
				TEST_HOST = "$(BUILT_PRODUCTS_DIR)/RCGApp.app/RCGApp";
			};
			name = Release;
		};
/* End XCBuildConfiguration section */

/* Begin XCConfigurationList section */
		8416D61F1B01CBF3005A8F05 /* Build configuration list for PBXProject "RCGApp" */ = {
			isa = XCConfigurationList;
			buildConfigurations = (
				8416D6431B01CBF3005A8F05 /* Debug */,
				8416D6441B01CBF3005A8F05 /* Release */,
			);
			defaultConfigurationIsVisible = 0;
			defaultConfigurationName = Release;
		};
		8416D6451B01CBF3005A8F05 /* Build configuration list for PBXNativeTarget "RCGApp" */ = {
			isa = XCConfigurationList;
			buildConfigurations = (
				8416D6461B01CBF3005A8F05 /* Debug */,
				8416D6471B01CBF3005A8F05 /* Release */,
			);
			defaultConfigurationIsVisible = 0;
			defaultConfigurationName = Release;
		};
		8416D6481B01CBF3005A8F05 /* Build configuration list for PBXNativeTarget "RCGAppTests" */ = {
			isa = XCConfigurationList;
			buildConfigurations = (
				8416D6491B01CBF3005A8F05 /* Debug */,
				8416D64A1B01CBF3005A8F05 /* Release */,
			);
			defaultConfigurationIsVisible = 0;
			defaultConfigurationName = Release;
		};
/* End XCConfigurationList section */
	};
	rootObject = 8416D61C1B01CBF3005A8F05 /* Project object */;
}
